
Microsoft Visual Studio Solution File, Format Version 12.00
# Visual Studio 15
VisualStudioVersion = 15.0.28307.168
MinimumVisualStudioVersion = 10.0.40219.1
Project("{FAE04EC0-301F-11D3-BF4B-00C04F79EFBC}") = "HelloName", "HelloName\HelloName.csproj", "{402C193C-9EF0-4206-B538-6B8649055F8B}"
EndProject
Global
	GlobalSection(SolutionConfigurationPlatforms) = preSolution
		Debug|Any CPU = Debug|Any CPU
		Release|Any CPU = Release|Any CPU
	EndGlobalSection
	GlobalSection(ProjectConfigurationPlatforms) = postSolution
		{402C193C-9EF0-4206-B538-6B8649055F8B}.Debug|Any CPU.ActiveCfg = Debug|Any CPU
		{402C193C-9EF0-4206-B538-6B8649055F8B}.Debug|Any CPU.Build.0 = Debug|Any CPU
		{402C193C-9EF0-4206-B538-6B8649055F8B}.Release|Any CPU.ActiveCfg = Release|Any CPU
		{402C193C-9EF0-4206-B538-6B8649055F8B}.Release|Any CPU.Build.0 = Release|Any CPU
	EndGlobalSection
	GlobalSection(SolutionProperties) = preSolution
		HideSolutionNode = FALSE
	EndGlobalSection
	GlobalSection(ExtensibilityGlobals) = postSolution
		SolutionGuid = {3AF0D6AB-B9B9-4BA6-9053-925C2BC12033}
	EndGlobalSection
EndGlobal
